
Microsoft Visual Studio Solution File, Format Version 12.00
# Visual Studio Version 16
VisualStudioVersion = 16.0.29613.14
MinimumVisualStudioVersion = 10.0.40219.1
Project("{9A19103F-16F7-4668-BE54-9A1E7A4F7556}") = "Ssin.Belgium", "Ssin.Belgium\Ssin.Belgium.csproj", "{1FC9D0FE-0417-4C31-95E4-15A755875F89}"
EndProject
Project("{9A19103F-16F7-4668-BE54-9A1E7A4F7556}") = "Test.Ssin.Belgium", "Test.Ssin.Belgium\Test.Ssin.Belgium.csproj", "{8B9B2D88-9543-43E5-BE46-5C909BB376FA}"
EndProject
Global
	GlobalSection(SolutionConfigurationPlatforms) = preSolution
		Debug|Any CPU = Debug|Any CPU
		Release|Any CPU = Release|Any CPU
	EndGlobalSection
	GlobalSection(ProjectConfigurationPlatforms) = postSolution
		{1FC9D0FE-0417-4C31-95E4-15A755875F89}.Debug|Any CPU.ActiveCfg = Debug|Any CPU
		{1FC9D0FE-0417-4C31-95E4-15A755875F89}.Debug|Any CPU.Build.0 = Debug|Any CPU
		{1FC9D0FE-0417-4C31-95E4-15A755875F89}.Release|Any CPU.ActiveCfg = Release|Any CPU
		{1FC9D0FE-0417-4C31-95E4-15A755875F89}.Release|Any CPU.Build.0 = Release|Any CPU
		{8B9B2D88-9543-43E5-BE46-5C909BB376FA}.Debug|Any CPU.ActiveCfg = Debug|Any CPU
		{8B9B2D88-9543-43E5-BE46-5C909BB376FA}.Debug|Any CPU.Build.0 = Debug|Any CPU
		{8B9B2D88-9543-43E5-BE46-5C909BB376FA}.Release|Any CPU.ActiveCfg = Release|Any CPU
		{8B9B2D88-9543-43E5-BE46-5C909BB376FA}.Release|Any CPU.Build.0 = Release|Any CPU
	EndGlobalSection
	GlobalSection(SolutionProperties) = preSolution
		HideSolutionNode = FALSE
	EndGlobalSection
	GlobalSection(ExtensibilityGlobals) = postSolution
		SolutionGuid = {EEB6862A-0367-4A9C-BB45-87D3694AFCA2}
	EndGlobalSection
EndGlobal
